// !$*UTF8*$!
{
	archiveVersion = 1;
	classes = {
	};
	objectVersion = 46;
	objects = {

/* Begin PBXBuildFile section */
		A2613E601E56E3A000C7F95D /* AppDelegate.swift in Sources */ = {isa = PBXBuildFile; fileRef = A2613E5F1E56E3A000C7F95D /* AppDelegate.swift */; };
		A2613E621E56E3A000C7F95D /* ViewController.swift in Sources */ = {isa = PBXBuildFile; fileRef = A2613E611E56E3A000C7F95D /* ViewController.swift */; };
		A2613E651E56E3A000C7F95D /* Main.storyboard in Resources */ = {isa = PBXBuildFile; fileRef = A2613E631E56E3A000C7F95D /* Main.storyboard */; };
		A2613E671E56E3A000C7F95D /* Assets.xcassets in Resources */ = {isa = PBXBuildFile; fileRef = A2613E661E56E3A000C7F95D /* Assets.xcassets */; };
		A2613E6A1E56E3A000C7F95D /* LaunchScreen.storyboard in Resources */ = {isa = PBXBuildFile; fileRef = A2613E681E56E3A000C7F95D /* LaunchScreen.storyboard */; };
		A2613E721E56EDC800C7F95D /* RegisterPageViewController.swift in Sources */ = {isa = PBXBuildFile; fileRef = A2613E711E56EDC800C7F95D /* RegisterPageViewController.swift */; };
		A2613E741E57057700C7F95D /* LoginViewController.swift in Sources */ = {isa = PBXBuildFile; fileRef = A2613E731E57057700C7F95D /* LoginViewController.swift */; };
		A2D20E801E60424E005B4CC0 /* ChattingViewController.swift in Sources */ = {isa = PBXBuildFile; fileRef = A2D20E7F1E60424E005B4CC0 /* ChattingViewController.swift */; };
/* End PBXBuildFile section */

/* Begin PBXFileReference section */
		A2613E5C1E56E3A000C7F95D /* SimpleChat.app */ = {isa = PBXFileReference; explicitFileType = wrapper.application; includeInIndex = 0; path = SimpleChat.app; sourceTree = BUILT_PRODUCTS_DIR; };
		A2613E5F1E56E3A000C7F95D /* AppDelegate.swift */ = {isa = PBXFileReference; lastKnownFileType = sourcecode.swift; path = AppDelegate.swift; sourceTree = "<group>"; };
		A2613E611E56E3A000C7F95D /* ViewController.swift */ = {isa = PBXFileReference; lastKnownFileType = sourcecode.swift; path = ViewController.swift; sourceTree = "<group>"; };
		A2613E641E56E3A000C7F95D /* Base */ = {isa = PBXFileReference; lastKnownFileType = file.storyboard; name = Base; path = Base.lproj/Main.storyboard; sourceTree = "<group>"; };
		A2613E661E56E3A000C7F95D /* Assets.xcassets */ = {isa = PBXFileReference; lastKnownFileType = folder.assetcatalog; path = Assets.xcassets; sourceTree = "<group>"; };
		A2613E691E56E3A000C7F95D /* Base */ = {isa = PBXFileReference; lastKnownFileType = file.storyboard; name = Base; path = Base.lproj/LaunchScreen.storyboard; sourceTree = "<group>"; };
		A2613E6B1E56E3A000C7F95D /* Info.plist */ = {isa = PBXFileReference; lastKnownFileType = text.plist.xml; path = Info.plist; sourceTree = "<group>"; };
		A2613E711E56EDC800C7F95D /* RegisterPageViewController.swift */ = {isa = PBXFileReference; fileEncoding = 4; lastKnownFileType = sourcecode.swift; path = RegisterPageViewController.swift; sourceTree = "<group>"; };
		A2613E731E57057700C7F95D /* LoginViewController.swift */ = {isa = PBXFileReference; fileEncoding = 4; lastKnownFileType = sourcecode.swift; path = LoginViewController.swift; sourceTree = "<group>"; };
		A2D20E7F1E60424E005B4CC0 /* ChattingViewController.swift */ = {isa = PBXFileReference; fileEncoding = 4; lastKnownFileType = sourcecode.swift; path = ChattingViewController.swift; sourceTree = "<group>"; };
/* End PBXFileReference section */

/* Begin PBXFrameworksBuildPhase section */
		A2613E591E56E3A000C7F95D /* Frameworks */ = {
			isa = PBXFrameworksBuildPhase;
			buildActionMask = 2147483647;
			files = (
			);
			runOnlyForDeploymentPostprocessing = 0;
		};
/* End PBXFrameworksBuildPhase section */

/* Begin PBXGroup section */
		A2613E531E56E39F00C7F95D = {
			isa = PBXGroup;
			children = (
				A2613E5E1E56E3A000C7F95D /* SimpleChat */,
				A2613E5D1E56E3A000C7F95D /* Products */,
			);
			sourceTree = "<group>";
		};
		A2613E5D1E56E3A000C7F95D /* Products */ = {
			isa = PBXGroup;
			children = (
				A2613E5C1E56E3A000C7F95D /* SimpleChat.app */,
			);
			name = Products;
			sourceTree = "<group>";
		};
		A2613E5E1E56E3A000C7F95D /* SimpleChat */ = {
			isa = PBXGroup;
			children = (
				A2613E5F1E56E3A000C7F95D /* AppDelegate.swift */,
				A2613E611E56E3A000C7F95D /* ViewController.swift */,
				A2613E631E56E3A000C7F95D /* Main.storyboard */,
				A2613E661E56E3A000C7F95D /* Assets.xcassets */,
				A2613E681E56E3A000C7F95D /* LaunchScreen.storyboard */,
				A2613E6B1E56E3A000C7F95D /* Info.plist */,
				A2613E711E56EDC800C7F95D /* RegisterPageViewController.swift */,
				A2613E731E57057700C7F95D /* LoginViewController.swift */,
				A2D20E7F1E60424E005B4CC0 /* ChattingViewController.swift */,
			);
			path = SimpleChat;
			sourceTree = "<group>";
		};
/* End PBXGroup section */

/* Begin PBXNativeTarget section */
		A2613E5B1E56E3A000C7F95D /* SimpleChat */ = {
			isa = PBXNativeTarget;
			buildConfigurationList = A2613E6E1E56E3A000C7F95D /* Build configuration list for PBXNativeTarget "SimpleChat" */;
			buildPhases = (
				A2613E581E56E3A000C7F95D /* Sources */,
				A2613E591E56E3A000C7F95D /* Frameworks */,
				A2613E5A1E56E3A000C7F95D /* Resources */,
			);
			buildRules = (
			);
			dependencies = (
			);
			name = SimpleChat;
			productName = SimpleChat;
			productReference = A2613E5C1E56E3A000C7F95D /* SimpleChat.app */;
			productType = "com.apple.product-type.application";
		};
/* End PBXNativeTarget section */

/* Begin PBXProject section */
		A2613E541E56E39F00C7F95D /* Project object */ = {
			isa = PBXProject;
			attributes = {
				LastSwiftUpdateCheck = 0720;
				LastUpgradeCheck = 0720;
				ORGANIZATIONNAME = ivc;
				TargetAttributes = {
					A2613E5B1E56E3A000C7F95D = {
						CreatedOnToolsVersion = 7.2;
					};
				};
			};
			buildConfigurationList = A2613E571E56E3A000C7F95D /* Build configuration list for PBXProject "SimpleChat" */;
			compatibilityVersion = "Xcode 3.2";
			developmentRegion = English;
			hasScannedForEncodings = 0;
			knownRegions = (
				en,
				Base,
			);
			mainGroup = A2613E531E56E39F00C7F95D;
			productRefGroup = A2613E5D1E56E3A000C7F95D /* Products */;
			projectDirPath = "";
			projectRoot = "";
			targets = (
				A2613E5B1E56E3A000C7F95D /* SimpleChat */,
			);
		};
/* End PBXProject section */

/* Begin PBXResourcesBuildPhase section */
		A2613E5A1E56E3A000C7F95D /* Resources */ = {
			isa = PBXResourcesBuildPhase;
			buildActionMask = 2147483647;
			files = (
				A2613E6A1E56E3A000C7F95D /* LaunchScreen.storyboard in Resources */,
				A2613E671E56E3A000C7F95D /* Assets.xcassets in Resources */,
				A2613E651E56E3A000C7F95D /* Main.storyboard in Resources */,
			);
			runOnlyForDeploymentPostprocessing = 0;
		};
/* End PBXResourcesBuildPhase section */

/* Begin PBXSourcesBuildPhase section */
		A2613E581E56E3A000C7F95D /* Sources */ = {
			isa = PBXSourcesBuildPhase;
			buildActionMask = 2147483647;
			files = (
				A2613E741E57057700C7F95D /* LoginViewController.swift in Sources */,
				A2D20E801E60424E005B4CC0 /* ChattingViewController.swift in Sources */,
				A2613E621E56E3A000C7F95D /* ViewController.swift in Sources */,
				A2613E601E56E3A000C7F95D /* AppDelegate.swift in Sources */,
				A2613E721E56EDC800C7F95D /* RegisterPageViewController.swift in Sources */,
			);
			runOnlyForDeploymentPostprocessing = 0;
		};
/* End PBXSourcesBuildPhase section */

/* Begin PBXVariantGroup section */
		A2613E631E56E3A000C7F95D /* Main.storyboard */ = {
			isa = PBXVariantGroup;
			children = (
				A2613E641E56E3A000C7F95D /* Base */,
			);
			name = Main.storyboard;
			sourceTree = "<group>";
		};
		A2613E681E56E3A000C7F95D /* LaunchScreen.storyboard */ = {
			isa = PBXVariantGroup;
			children = (
				A2613E691E56E3A000C7F95D /* Base */,
			);
			name = LaunchScreen.storyboard;
			sourceTree = "<group>";
		};
/* End PBXVariantGroup section */

/* Begin XCBuildConfiguration section */
		A2613E6C1E56E3A000C7F95D /* Debug */ = {
			isa = XCBuildConfiguration;
			buildSettings = {
				ALWAYS_SEARCH_USER_PATHS = NO;
				CLANG_CXX_LANGUAGE_STANDARD = "gnu++0x";
				CLANG_CXX_LIBRARY = "libc++";
				CLANG_ENABLE_MODULES = YES;
				CLANG_ENABLE_OBJC_ARC = YES;
				CLANG_WARN_BOOL_CONVERSION = YES;
				CLANG_WARN_CONSTANT_CONVERSION = YES;
				CLANG_WARN_DIRECT_OBJC_ISA_USAGE = YES_ERROR;
				CLANG_WARN_EMPTY_BODY = YES;
				CLANG_WARN_ENUM_CONVERSION = YES;
				CLANG_WARN_INT_CONVERSION = YES;
				CLANG_WARN_OBJC_ROOT_CLASS = YES_ERROR;
				CLANG_WARN_UNREACHABLE_CODE = YES;
				CLANG_WARN__DUPLICATE_METHOD_MATCH = YES;
				"CODE_SIGN_IDENTITY[sdk=iphoneos*]" = "iPhone Developer";
				COPY_PHASE_STRIP = NO;
				DEBUG_INFORMATION_FORMAT = dwarf;
				ENABLE_STRICT_OBJC_MSGSEND = YES;
				ENABLE_TESTABILITY = YES;
				GCC_C_LANGUAGE_STANDARD = gnu99;
				GCC_DYNAMIC_NO_PIC = NO;
				GCC_NO_COMMON_BLOCKS = YES;
				GCC_OPTIMIZATION_LEVEL = 0;
				GCC_PREPROCESSOR_DEFINITIONS = (
					"DEBUG=1",
					"$(inherited)",
				);
				GCC_WARN_64_TO_32_BIT_CONVERSION = YES;
				GCC_WARN_ABOUT_RETURN_TYPE = YES_ERROR;
				GCC_WARN_UNDECLARED_SELECTOR = YES;
				GCC_WARN_UNINITIALIZED_AUTOS = YES_AGGRESSIVE;
				GCC_WARN_UNUSED_FUNCTION = YES;
				GCC_WARN_UNUSED_VARIABLE = YES;
				IPHONEOS_DEPLOYMENT_TARGET = 9.2;
				MTL_ENABLE_DEBUG_INFO = YES;
				ONLY_ACTIVE_ARCH = YES;
				SDKROOT = iphoneos;
				SWIFT_OPTIMIZATION_LEVEL = "-Onone";
			};
			name = Debug;
		};
		A2613E6D1E56E3A000C7F95D /* Release */ = {
			isa = XCBuildConfiguration;
			buildSettings = {
				ALWAYS_SEARCH_USER_PATHS = NO;
				CLANG_CXX_LANGUAGE_STANDARD = "gnu++0x";
				CLANG_CXX_LIBRARY = "libc++";
				CLANG_ENABLE_MODULES = YES;
				CLANG_ENABLE_OBJC_ARC = YES;
				CLANG_WARN_BOOL_CONVERSION = YES;
				CLANG_WARN_CONSTANT_CONVERSION = YES;
				CLANG_WARN_DIRECT_OBJC_ISA_USAGE = YES_ERROR;
				CLANG_WARN_EMPTY_BODY = YES;
				CLANG_WARN_ENUM_CONVERSION = YES;
				CLANG_WARN_INT_CONVERSION = YES;
				CLANG_WARN_OBJC_ROOT_CLASS = YES_ERROR;
				CLANG_WARN_UNREACHABLE_CODE = YES;
				CLANG_WARN__DUPLICATE_METHOD_MATCH = YES;
				"CODE_SIGN_IDENTITY[sdk=iphoneos*]" = "iPhone Developer";
				COPY_PHASE_STRIP = NO;
				DEBUG_INFORMATION_FORMAT = "dwarf-with-dsym";
				ENABLE_NS_ASSERTIONS = NO;
				ENABLE_STRICT_OBJC_MSGSEND = YES;
				GCC_C_LANGUAGE_STANDARD = gnu99;
				GCC_NO_COMMON_BLOCKS = YES;
				GCC_WARN_64_TO_32_BIT_CONVERSION = YES;
				GCC_WARN_ABOUT_RETURN_TYPE = YES_ERROR;
				GCC_WARN_UNDECLARED_SELECTOR = YES;
				GCC_WARN_UNINITIALIZED_AUTOS = YES_AGGRESSIVE;
				GCC_WARN_UNUSED_FUNCTION = YES;
				GCC_WARN_UNUSED_VARIABLE = YES;
				IPHONEOS_DEPLOYMENT_TARGET = 9.2;
				MTL_ENABLE_DEBUG_INFO = NO;
				SDKROOT = iphoneos;
				VALIDATE_PRODUCT = YES;
			};
			name = Release;
		};
		A2613E6F1E56E3A000C7F95D /* Debug */ = {
			isa = XCBuildConfiguration;
			buildSettings = {
				ASSETCATALOG_COMPILER_APPICON_NAME = AppIcon;
				INFOPLIST_FILE = SimpleChat/Info.plist;
				LD_RUNPATH_SEARCH_PATHS = "$(inherited) @executable_path/Frameworks";
				PRODUCT_BUNDLE_IDENTIFIER = ivc.SimpleChat;
				PRODUCT_NAME = "$(TARGET_NAME)";
			};
			name = Debug;
		};
		A2613E701E56E3A000C7F95D /* Release */ = {
			isa = XCBuildConfiguration;
			buildSettings = {
				ASSETCATALOG_COMPILER_APPICON_NAME = AppIcon;
				INFOPLIST_FILE = SimpleChat/Info.plist;
				LD_RUNPATH_SEARCH_PATHS = "$(inherited) @executable_path/Frameworks";
				PRODUCT_BUNDLE_IDENTIFIER = ivc.SimpleChat;
				PRODUCT_NAME = "$(TARGET_NAME)";
			};
			name = Release;
		};
/* End XCBuildConfiguration section */

/* Begin XCConfigurationList section */
		A2613E571E56E3A000C7F95D /* Build configuration list for PBXProject "SimpleChat" */ = {
			isa = XCConfigurationList;
			buildConfigurations = (
				A2613E6C1E56E3A000C7F95D /* Debug */,
				A2613E6D1E56E3A000C7F95D /* Release */,
			);
			defaultConfigurationIsVisible = 0;
			defaultConfigurationName = Release;
		};
		A2613E6E1E56E3A000C7F95D /* Build configuration list for PBXNativeTarget "SimpleChat" */ = {
			isa = XCConfigurationList;
			buildConfigurations = (
				A2613E6F1E56E3A000C7F95D /* Debug */,
				A2613E701E56E3A000C7F95D /* Release */,
			);
			defaultConfigurationIsVisible = 0;
			defaultConfigurationName = Release;
		};
/* End XCConfigurationList section */
	};
	rootObject = A2613E541E56E39F00C7F95D /* Project object */;
}
